PODS:
  - LBTATools (1.0.12)
  - SDWebImage (5.5.1):
    - SDWebImage/Core (= 5.5.1)
  - SDWebImage/Core (5.5.1)

DEPENDENCIES:
  - LBTATools
  - SDWebImage (~> 5.0)

SPEC REPOS:
  trunk:
    - LBTATools
    - SDWebImage

SPEC CHECKSUMS:
  LBTATools: 389a901a01b9a56bea5682c40cd6e23530f40015
  SDWebImage: 1245d058b7b8f59adef7a6da6bbafd4f1ab67041

PODFILE CHECKSUM: a48aaf8d93056270750c0233d2ac2d5ac8c20b34

COCOAPODS: 1.8.4
